
Microsoft Visual Studio Solution File, Format Version 12.00
# Visual Studio Version 17
VisualStudioVersion = 17.0.32112.339
MinimumVisualStudioVersion = 10.0.40219.1
Project("{9A19103F-16F7-4668-BE54-9A1E7A4F7556}") = "Helathcheck", "Helathcheck\Helathcheck.csproj", "{72A112AA-2376-4B1B-844C-387A480608DE}"
EndProject
Project("{9A19103F-16F7-4668-BE54-9A1E7A4F7556}") = "OrderApi", "order\OrderApi.csproj", "{2B89335B-78E8-4AED-A6FF-19EEE0AB057F}"
EndProject
Project("{9A19103F-16F7-4668-BE54-9A1E7A4F7556}") = "ProductApi", "product\ProductApi.csproj", "{123B8F28-3894-4CD7-8046-FE0CEDA406C5}"
EndProject
Global
	GlobalSection(SolutionConfigurationPlatforms) = preSolution
		Debug|Any CPU = Debug|Any CPU
		Release|Any CPU = Release|Any CPU
	EndGlobalSection
	GlobalSection(ProjectConfigurationPlatforms) = postSolution
		{72A112AA-2376-4B1B-844C-387A480608DE}.Debug|Any CPU.ActiveCfg = Debug|Any CPU
		{72A112AA-2376-4B1B-844C-387A480608DE}.Debug|Any CPU.Build.0 = Debug|Any CPU
		{72A112AA-2376-4B1B-844C-387A480608DE}.Release|Any CPU.ActiveCfg = Release|Any CPU
		{72A112AA-2376-4B1B-844C-387A480608DE}.Release|Any CPU.Build.0 = Release|Any CPU
		{2B89335B-78E8-4AED-A6FF-19EEE0AB057F}.Debug|Any CPU.ActiveCfg = Debug|Any CPU
		{2B89335B-78E8-4AED-A6FF-19EEE0AB057F}.Debug|Any CPU.Build.0 = Debug|Any CPU
		{2B89335B-78E8-4AED-A6FF-19EEE0AB057F}.Release|Any CPU.ActiveCfg = Release|Any CPU
		{2B89335B-78E8-4AED-A6FF-19EEE0AB057F}.Release|Any CPU.Build.0 = Release|Any CPU
		{123B8F28-3894-4CD7-8046-FE0CEDA406C5}.Debug|Any CPU.ActiveCfg = Debug|Any CPU
		{123B8F28-3894-4CD7-8046-FE0CEDA406C5}.Debug|Any CPU.Build.0 = Debug|Any CPU
		{123B8F28-3894-4CD7-8046-FE0CEDA406C5}.Release|Any CPU.ActiveCfg = Release|Any CPU
		{123B8F28-3894-4CD7-8046-FE0CEDA406C5}.Release|Any CPU.Build.0 = Release|Any CPU
	EndGlobalSection
	GlobalSection(SolutionProperties) = preSolution
		HideSolutionNode = FALSE
	EndGlobalSection
	GlobalSection(ExtensibilityGlobals) = postSolution
		SolutionGuid = {944E2434-3E5F-4CDC-AEB8-AAD3ACEE31D7}
	EndGlobalSection
EndGlobal
